PODS:
  - ReactiveCocoa (4.0.4-alpha-4):
    - ReactiveCocoa/UI (= 4.0.4-alpha-4)
    - Result (~> 1.0)
  - ReactiveCocoa/Core (4.0.4-alpha-4):
    - ReactiveCocoa/no-arc
    - Result (~> 1.0)
  - ReactiveCocoa/no-arc (4.0.4-alpha-4):
    - Result (~> 1.0)
  - ReactiveCocoa/UI (4.0.4-alpha-4):
    - ReactiveCocoa/Core
    - Result (~> 1.0)
  - Result (1.0.1)

DEPENDENCIES:
  - ReactiveCocoa (~> 4.x)

SPEC CHECKSUMS:
  ReactiveCocoa: e459ea92099447802df20c4735e31e8139b06094
  Result: caef80340451e1f07492fa1e89117f83613bce24

PODFILE CHECKSUM: 72d4214f90474a36c4579c952a13f5c8e44cc858

COCOAPODS: 1.0.0.beta.2
