// !$*UTF8*$!
{
	archiveVersion = 1;
	classes = {
	};
	objectVersion = 46;
	objects = {

/* Begin PBXBuildFile section */
		D3B925B81C58669900140B07 /* AppDelegate.swift in Sources */ = {isa = PBXBuildFile; fileRef = D3B925B71C58669900140B07 /* AppDelegate.swift */; };
		D3B925BA1C58669900140B07 /* Assets.xcassets in Resources */ = {isa = PBXBuildFile; fileRef = D3B925B91C58669900140B07 /* Assets.xcassets */; };
		D3B925BD1C58669900140B07 /* MainMenu.xib in Resources */ = {isa = PBXBuildFile; fileRef = D3B925BB1C58669900140B07 /* MainMenu.xib */; };
		E10FF80876E9A5F650875129 /* Pods_ReactiveCocoa_SwiftPlayground.framework in Frameworks */ = {isa = PBXBuildFile; fileRef = 7221B18F7A6C0CF66FE7479C /* Pods_ReactiveCocoa_SwiftPlayground.framework */; };
/* End PBXBuildFile section */

/* Begin PBXFileReference section */
		31350CB85243716D56631387 /* Pods-ReactiveCocoa-SwiftPlayground.debug.xcconfig */ = {isa = PBXFileReference; includeInIndex = 1; lastKnownFileType = text.xcconfig; name = "Pods-ReactiveCocoa-SwiftPlayground.debug.xcconfig"; path = "Pods/Target Support Files/Pods-ReactiveCocoa-SwiftPlayground/Pods-ReactiveCocoa-SwiftPlayground.debug.xcconfig"; sourceTree = "<group>"; };
		7221B18F7A6C0CF66FE7479C /* Pods_ReactiveCocoa_SwiftPlayground.framework */ = {isa = PBXFileReference; explicitFileType = wrapper.framework; includeInIndex = 0; path = Pods_ReactiveCocoa_SwiftPlayground.framework; sourceTree = BUILT_PRODUCTS_DIR; };
		AC87C2D97FD5B9B3F62A0E2E /* Pods-ReactiveCocoa-SwiftPlayground.release.xcconfig */ = {isa = PBXFileReference; includeInIndex = 1; lastKnownFileType = text.xcconfig; name = "Pods-ReactiveCocoa-SwiftPlayground.release.xcconfig"; path = "Pods/Target Support Files/Pods-ReactiveCocoa-SwiftPlayground/Pods-ReactiveCocoa-SwiftPlayground.release.xcconfig"; sourceTree = "<group>"; };
		D368191C1C69765700CCDEE0 /* Extras.playground */ = {isa = PBXFileReference; lastKnownFileType = file.playground; path = Extras.playground; sourceTree = "<group>"; };
		D3A809EE1C586B7D0048D1FA /* BasicOperators.playground */ = {isa = PBXFileReference; lastKnownFileType = file.playground; path = BasicOperators.playground; sourceTree = "<group>"; };
		D3A809F11C5C2CB30048D1FA /* KVO Demo.playground */ = {isa = PBXFileReference; lastKnownFileType = file.playground; path = "KVO Demo.playground"; sourceTree = "<group>"; };
		D3B925B41C58669900140B07 /* ReactiveCocoa-SwiftPlayground.app */ = {isa = PBXFileReference; explicitFileType = wrapper.application; includeInIndex = 0; path = "ReactiveCocoa-SwiftPlayground.app"; sourceTree = BUILT_PRODUCTS_DIR; };
		D3B925B71C58669900140B07 /* AppDelegate.swift */ = {isa = PBXFileReference; lastKnownFileType = sourcecode.swift; path = AppDelegate.swift; sourceTree = "<group>"; };
		D3B925B91C58669900140B07 /* Assets.xcassets */ = {isa = PBXFileReference; lastKnownFileType = folder.assetcatalog; path = Assets.xcassets; sourceTree = "<group>"; };
		D3B925BC1C58669900140B07 /* Base */ = {isa = PBXFileReference; lastKnownFileType = file.xib; name = Base; path = Base.lproj/MainMenu.xib; sourceTree = "<group>"; };
		D3B925BE1C58669900140B07 /* Info.plist */ = {isa = PBXFileReference; lastKnownFileType = text.plist.xml; path = Info.plist; sourceTree = "<group>"; };
/* End PBXFileReference section */

/* Begin PBXFrameworksBuildPhase section */
		D3B925B11C58669900140B07 /* Frameworks */ = {
			isa = PBXFrameworksBuildPhase;
			buildActionMask = 2147483647;
			files = (
				E10FF80876E9A5F650875129 /* Pods_ReactiveCocoa_SwiftPlayground.framework in Frameworks */,
			);
			runOnlyForDeploymentPostprocessing = 0;
		};
/* End PBXFrameworksBuildPhase section */

/* Begin PBXGroup section */
		41A0D26FFCD78092C99B8AFB /* Frameworks */ = {
			isa = PBXGroup;
			children = (
				7221B18F7A6C0CF66FE7479C /* Pods_ReactiveCocoa_SwiftPlayground.framework */,
			);
			name = Frameworks;
			sourceTree = "<group>";
		};
		D3B925AB1C58669900140B07 = {
			isa = PBXGroup;
			children = (
				D3A809EE1C586B7D0048D1FA /* BasicOperators.playground */,
				D368191C1C69765700CCDEE0 /* Extras.playground */,
				D3A809F11C5C2CB30048D1FA /* KVO Demo.playground */,
				D3B925B61C58669900140B07 /* ReactiveCocoa-SwiftPlayground */,
				D3B925B51C58669900140B07 /* Products */,
				E893C24F52458588B48DC79C /* Pods */,
				41A0D26FFCD78092C99B8AFB /* Frameworks */,
			);
			sourceTree = "<group>";
		};
		D3B925B51C58669900140B07 /* Products */ = {
			isa = PBXGroup;
			children = (
				D3B925B41C58669900140B07 /* ReactiveCocoa-SwiftPlayground.app */,
			);
			name = Products;
			sourceTree = "<group>";
		};
		D3B925B61C58669900140B07 /* ReactiveCocoa-SwiftPlayground */ = {
			isa = PBXGroup;
			children = (
				D3B925B71C58669900140B07 /* AppDelegate.swift */,
				D3B925B91C58669900140B07 /* Assets.xcassets */,
				D3B925BB1C58669900140B07 /* MainMenu.xib */,
				D3B925BE1C58669900140B07 /* Info.plist */,
			);
			path = "ReactiveCocoa-SwiftPlayground";
			sourceTree = "<group>";
		};
		E893C24F52458588B48DC79C /* Pods */ = {
			isa = PBXGroup;
			children = (
				31350CB85243716D56631387 /* Pods-ReactiveCocoa-SwiftPlayground.debug.xcconfig */,
				AC87C2D97FD5B9B3F62A0E2E /* Pods-ReactiveCocoa-SwiftPlayground.release.xcconfig */,
			);
			name = Pods;
			sourceTree = "<group>";
		};
/* End PBXGroup section */

/* Begin PBXNativeTarget section */
		D3B925B31C58669900140B07 /* ReactiveCocoa-SwiftPlayground */ = {
			isa = PBXNativeTarget;
			buildConfigurationList = D3B925C11C58669900140B07 /* Build configuration list for PBXNativeTarget "ReactiveCocoa-SwiftPlayground" */;
			buildPhases = (
				AF2F0BFDEB63C6E21198900D /* Check Pods Manifest.lock */,
				D3B925B01C58669900140B07 /* Sources */,
				D3B925B11C58669900140B07 /* Frameworks */,
				D3B925B21C58669900140B07 /* Resources */,
				8492596E424119EC5115FA9F /* Embed Pods Frameworks */,
				15555903CB7515D8EFB8EA21 /* Copy Pods Resources */,
			);
			buildRules = (
			);
			dependencies = (
			);
			name = "ReactiveCocoa-SwiftPlayground";
			productName = "ReactiveCocoa-SwiftPlayground";
			productReference = D3B925B41C58669900140B07 /* ReactiveCocoa-SwiftPlayground.app */;
			productType = "com.apple.product-type.application";
		};
/* End PBXNativeTarget section */

/* Begin PBXProject section */
		D3B925AC1C58669900140B07 /* Project object */ = {
			isa = PBXProject;
			attributes = {
				LastSwiftUpdateCheck = 0720;
				LastUpgradeCheck = 0720;
				ORGANIZATIONNAME = "Vivek Gani";
				TargetAttributes = {
					D3B925B31C58669900140B07 = {
						CreatedOnToolsVersion = 7.2;
					};
				};
			};
			buildConfigurationList = D3B925AF1C58669900140B07 /* Build configuration list for PBXProject "ReactiveCocoa-SwiftPlayground" */;
			compatibilityVersion = "Xcode 3.2";
			developmentRegion = English;
			hasScannedForEncodings = 0;
			knownRegions = (
				en,
				Base,
			);
			mainGroup = D3B925AB1C58669900140B07;
			productRefGroup = D3B925B51C58669900140B07 /* Products */;
			projectDirPath = "";
			projectRoot = "";
			targets = (
				D3B925B31C58669900140B07 /* ReactiveCocoa-SwiftPlayground */,
			);
		};
/* End PBXProject section */

/* Begin PBXResourcesBuildPhase section */
		D3B925B21C58669900140B07 /* Resources */ = {
			isa = PBXResourcesBuildPhase;
			buildActionMask = 2147483647;
			files = (
				D3B925BA1C58669900140B07 /* Assets.xcassets in Resources */,
				D3B925BD1C58669900140B07 /* MainMenu.xib in Resources */,
			);
			runOnlyForDeploymentPostprocessing = 0;
		};
/* End PBXResourcesBuildPhase section */

/* Begin PBXShellScriptBuildPhase section */
		15555903CB7515D8EFB8EA21 /* Copy Pods Resources */ = {
			isa = PBXShellScriptBuildPhase;
			buildActionMask = 2147483647;
			files = (
			);
			inputPaths = (
			);
			name = "Copy Pods Resources";
			outputPaths = (
			);
			runOnlyForDeploymentPostprocessing = 0;
			shellPath = /bin/sh;
			shellScript = "\"${SRCROOT}/Pods/Target Support Files/Pods-ReactiveCocoa-SwiftPlayground/Pods-ReactiveCocoa-SwiftPlayground-resources.sh\"\n";
			showEnvVarsInLog = 0;
		};
		8492596E424119EC5115FA9F /* Embed Pods Frameworks */ = {
			isa = PBXShellScriptBuildPhase;
			buildActionMask = 2147483647;
			files = (
			);
			inputPaths = (
			);
			name = "Embed Pods Frameworks";
			outputPaths = (
			);
			runOnlyForDeploymentPostprocessing = 0;
			shellPath = /bin/sh;
			shellScript = "\"${SRCROOT}/Pods/Target Support Files/Pods-ReactiveCocoa-SwiftPlayground/Pods-ReactiveCocoa-SwiftPlayground-frameworks.sh\"\n";
			showEnvVarsInLog = 0;
		};
		AF2F0BFDEB63C6E21198900D /* Check Pods Manifest.lock */ = {
			isa = PBXShellScriptBuildPhase;
			buildActionMask = 2147483647;
			files = (
			);
			inputPaths = (
			);
			name = "Check Pods Manifest.lock";
			outputPaths = (
			);
			runOnlyForDeploymentPostprocessing = 0;
			shellPath = /bin/sh;
			shellScript = "diff \"${PODS_ROOT}/../Podfile.lock\" \"${PODS_ROOT}/Manifest.lock\" > /dev/null\nif [[ $? != 0 ]] ; then\n    cat << EOM\nerror: The sandbox is not in sync with the Podfile.lock. Run 'pod install' or update your CocoaPods installation.\nEOM\n    exit 1\nfi\n";
			showEnvVarsInLog = 0;
		};
/* End PBXShellScriptBuildPhase section */

/* Begin PBXSourcesBuildPhase section */
		D3B925B01C58669900140B07 /* Sources */ = {
			isa = PBXSourcesBuildPhase;
			buildActionMask = 2147483647;
			files = (
				D3B925B81C58669900140B07 /* AppDelegate.swift in Sources */,
			);
			runOnlyForDeploymentPostprocessing = 0;
		};
/* End PBXSourcesBuildPhase section */

/* Begin PBXVariantGroup section */
		D3B925BB1C58669900140B07 /* MainMenu.xib */ = {
			isa = PBXVariantGroup;
			children = (
				D3B925BC1C58669900140B07 /* Base */,
			);
			name = MainMenu.xib;
			sourceTree = "<group>";
		};
/* End PBXVariantGroup section */

/* Begin XCBuildConfiguration section */
		D3B925BF1C58669900140B07 /* Debug */ = {
			isa = XCBuildConfiguration;
			buildSettings = {
				ALWAYS_SEARCH_USER_PATHS = NO;
				CLANG_CXX_LANGUAGE_STANDARD = "gnu++0x";
				CLANG_CXX_LIBRARY = "libc++";
				CLANG_ENABLE_MODULES = YES;
				CLANG_ENABLE_OBJC_ARC = YES;
				CLANG_WARN_BOOL_CONVERSION = YES;
				CLANG_WARN_CONSTANT_CONVERSION = YES;
				CLANG_WARN_DIRECT_OBJC_ISA_USAGE = YES_ERROR;
				CLANG_WARN_EMPTY_BODY = YES;
				CLANG_WARN_ENUM_CONVERSION = YES;
				CLANG_WARN_INT_CONVERSION = YES;
				CLANG_WARN_OBJC_ROOT_CLASS = YES_ERROR;
				CLANG_WARN_UNREACHABLE_CODE = YES;
				CLANG_WARN__DUPLICATE_METHOD_MATCH = YES;
				CODE_SIGN_IDENTITY = "-";
				COPY_PHASE_STRIP = NO;
				DEBUG_INFORMATION_FORMAT = dwarf;
				ENABLE_STRICT_OBJC_MSGSEND = YES;
				ENABLE_TESTABILITY = YES;
				GCC_C_LANGUAGE_STANDARD = gnu99;
				GCC_DYNAMIC_NO_PIC = NO;
				GCC_NO_COMMON_BLOCKS = YES;
				GCC_OPTIMIZATION_LEVEL = 0;
				GCC_PREPROCESSOR_DEFINITIONS = (
					"DEBUG=1",
					"$(inherited)",
				);
				GCC_WARN_64_TO_32_BIT_CONVERSION = YES;
				GCC_WARN_ABOUT_RETURN_TYPE = YES_ERROR;
				GCC_WARN_UNDECLARED_SELECTOR = YES;
				GCC_WARN_UNINITIALIZED_AUTOS = YES_AGGRESSIVE;
				GCC_WARN_UNUSED_FUNCTION = YES;
				GCC_WARN_UNUSED_VARIABLE = YES;
				MACOSX_DEPLOYMENT_TARGET = 10.11;
				MTL_ENABLE_DEBUG_INFO = YES;
				ONLY_ACTIVE_ARCH = YES;
				SDKROOT = macosx;
				SWIFT_OPTIMIZATION_LEVEL = "-Onone";
			};
			name = Debug;
		};
		D3B925C01C58669900140B07 /* Release */ = {
			isa = XCBuildConfiguration;
			buildSettings = {
				ALWAYS_SEARCH_USER_PATHS = NO;
				CLANG_CXX_LANGUAGE_STANDARD = "gnu++0x";
				CLANG_CXX_LIBRARY = "libc++";
				CLANG_ENABLE_MODULES = YES;
				CLANG_ENABLE_OBJC_ARC = YES;
				CLANG_WARN_BOOL_CONVERSION = YES;
				CLANG_WARN_CONSTANT_CONVERSION = YES;
				CLANG_WARN_DIRECT_OBJC_ISA_USAGE = YES_ERROR;
				CLANG_WARN_EMPTY_BODY = YES;
				CLANG_WARN_ENUM_CONVERSION = YES;
				CLANG_WARN_INT_CONVERSION = YES;
				CLANG_WARN_OBJC_ROOT_CLASS = YES_ERROR;
				CLANG_WARN_UNREACHABLE_CODE = YES;
				CLANG_WARN__DUPLICATE_METHOD_MATCH = YES;
				CODE_SIGN_IDENTITY = "-";
				COPY_PHASE_STRIP = NO;
				DEBUG_INFORMATION_FORMAT = "dwarf-with-dsym";
				ENABLE_NS_ASSERTIONS = NO;
				ENABLE_STRICT_OBJC_MSGSEND = YES;
				GCC_C_LANGUAGE_STANDARD = gnu99;
				GCC_NO_COMMON_BLOCKS = YES;
				GCC_WARN_64_TO_32_BIT_CONVERSION = YES;
				GCC_WARN_ABOUT_RETURN_TYPE = YES_ERROR;
				GCC_WARN_UNDECLARED_SELECTOR = YES;
				GCC_WARN_UNINITIALIZED_AUTOS = YES_AGGRESSIVE;
				GCC_WARN_UNUSED_FUNCTION = YES;
				GCC_WARN_UNUSED_VARIABLE = YES;
				MACOSX_DEPLOYMENT_TARGET = 10.11;
				MTL_ENABLE_DEBUG_INFO = NO;
				SDKROOT = macosx;
			};
			name = Release;
		};
		D3B925C21C58669900140B07 /* Debug */ = {
			isa = XCBuildConfiguration;
			baseConfigurationReference = 31350CB85243716D56631387 /* Pods-ReactiveCocoa-SwiftPlayground.debug.xcconfig */;
			buildSettings = {
				ASSETCATALOG_COMPILER_APPICON_NAME = AppIcon;
				COMBINE_HIDPI_IMAGES = YES;
				INFOPLIST_FILE = "ReactiveCocoa-SwiftPlayground/Info.plist";
				LD_RUNPATH_SEARCH_PATHS = "$(inherited) @executable_path/../Frameworks";
				PRODUCT_BUNDLE_IDENTIFIER = "thawberry.ReactiveCocoa-SwiftPlayground";
				PRODUCT_NAME = "$(TARGET_NAME)";
			};
			name = Debug;
		};
		D3B925C31C58669900140B07 /* Release */ = {
			isa = XCBuildConfiguration;
			baseConfigurationReference = AC87C2D97FD5B9B3F62A0E2E /* Pods-ReactiveCocoa-SwiftPlayground.release.xcconfig */;
			buildSettings = {
				ASSETCATALOG_COMPILER_APPICON_NAME = AppIcon;
				COMBINE_HIDPI_IMAGES = YES;
				INFOPLIST_FILE = "ReactiveCocoa-SwiftPlayground/Info.plist";
				LD_RUNPATH_SEARCH_PATHS = "$(inherited) @executable_path/../Frameworks";
				PRODUCT_BUNDLE_IDENTIFIER = "thawberry.ReactiveCocoa-SwiftPlayground";
				PRODUCT_NAME = "$(TARGET_NAME)";
			};
			name = Release;
		};
/* End XCBuildConfiguration section */

/* Begin XCConfigurationList section */
		D3B925AF1C58669900140B07 /* Build configuration list for PBXProject "ReactiveCocoa-SwiftPlayground" */ = {
			isa = XCConfigurationList;
			buildConfigurations = (
				D3B925BF1C58669900140B07 /* Debug */,
				D3B925C01C58669900140B07 /* Release */,
			);
			defaultConfigurationIsVisible = 0;
			defaultConfigurationName = Release;
		};
		D3B925C11C58669900140B07 /* Build configuration list for PBXNativeTarget "ReactiveCocoa-SwiftPlayground" */ = {
			isa = XCConfigurationList;
			buildConfigurations = (
				D3B925C21C58669900140B07 /* Debug */,
				D3B925C31C58669900140B07 /* Release */,
			);
			defaultConfigurationIsVisible = 0;
			defaultConfigurationName = Release;
		};
/* End XCConfigurationList section */
	};
	rootObject = D3B925AC1C58669900140B07 /* Project object */;
}
